github.com/pefish/go-test v0.0.3 h1:2dwhqeWoqfFa09+PkHcm80PWolxC3qdW/YltfzPLICo=
github.com/pefish/go-test v0.0.3/go.mod h1:z9DAQQyjfKx0dRTBSaJCOSMwyMjwNEHI+/CBwNaCwk0=
github.com/pefish/go-test v0.0.4 h1:s1RmZWe91K1MtENJUcl7CjGUFK/TmleZ5h3OkHq/BTI=
github.com/pefish/go-test v0.0.4/go.mod h1:z9DAQQyjfKx0dRTBSaJCOSMwyMjwNEHI+/CBwNaCwk0=
